
Microsoft Visual Studio Solution File, Format Version 12.00
# Visual Studio Version 17
VisualStudioVersion = 17.14.36109.1
MinimumVisualStudioVersion = 10.0.40219.1
Project("{FAE04EC0-301F-11D3-BF4B-00C04F79EFBC}") = "DeviceMonitoring.UI", "DeviceMonitoring.UI\DeviceMonitoring.UI.csproj", "{AD4A4B3C-95E8-4194-BA4D-F7F2231CDAF0}"
EndProject
Project("{FAE04EC0-301F-11D3-BF4B-00C04F79EFBC}") = "DeviceMonitoring.Core", "DeviceMonitoring.Core\DeviceMonitoring.Core.csproj", "{B3E914D9-8471-4352-A44B-8057AB669886}"
EndProject
Project("{FAE04EC0-301F-11D3-BF4B-00C04F79EFBC}") = "DeviceMonitoring.Core.Test", "DeviceMonitoring.Core.Test\DeviceMonitoring.Core.Test.csproj", "{E7EDB48D-F1F1-47EE-9EB5-174264A4570F}"
EndProject
Project("{FAE04EC0-301F-11D3-BF4B-00C04F79EFBC}") = "DeviceMonitoring.Services", "DeviceMonitoring.Services\DeviceMonitoring.Services.csproj", "{60AFB8B4-7547-40DE-A2F1-57761F4009B1}"
EndProject
Global
	GlobalSection(SolutionConfigurationPlatforms) = preSolution
		Debug|Any CPU = Debug|Any CPU
		Release|Any CPU = Release|Any CPU
	EndGlobalSection
	GlobalSection(ProjectConfigurationPlatforms) = postSolution
		{AD4A4B3C-95E8-4194-BA4D-F7F2231CDAF0}.Debug|Any CPU.ActiveCfg = Debug|Any CPU
		{AD4A4B3C-95E8-4194-BA4D-F7F2231CDAF0}.Debug|Any CPU.Build.0 = Debug|Any CPU
		{AD4A4B3C-95E8-4194-BA4D-F7F2231CDAF0}.Release|Any CPU.ActiveCfg = Release|Any CPU
		{AD4A4B3C-95E8-4194-BA4D-F7F2231CDAF0}.Release|Any CPU.Build.0 = Release|Any CPU
		{B3E914D9-8471-4352-A44B-8057AB669886}.Debug|Any CPU.ActiveCfg = Debug|Any CPU
		{B3E914D9-8471-4352-A44B-8057AB669886}.Debug|Any CPU.Build.0 = Debug|Any CPU
		{B3E914D9-8471-4352-A44B-8057AB669886}.Release|Any CPU.ActiveCfg = Release|Any CPU
		{B3E914D9-8471-4352-A44B-8057AB669886}.Release|Any CPU.Build.0 = Release|Any CPU
		{E7EDB48D-F1F1-47EE-9EB5-174264A4570F}.Debug|Any CPU.ActiveCfg = Debug|Any CPU
		{E7EDB48D-F1F1-47EE-9EB5-174264A4570F}.Debug|Any CPU.Build.0 = Debug|Any CPU
		{E7EDB48D-F1F1-47EE-9EB5-174264A4570F}.Release|Any CPU.ActiveCfg = Release|Any CPU
		{E7EDB48D-F1F1-47EE-9EB5-174264A4570F}.Release|Any CPU.Build.0 = Release|Any CPU
		{60AFB8B4-7547-40DE-A2F1-57761F4009B1}.Debug|Any CPU.ActiveCfg = Debug|Any CPU
		{60AFB8B4-7547-40DE-A2F1-57761F4009B1}.Debug|Any CPU.Build.0 = Debug|Any CPU
		{60AFB8B4-7547-40DE-A2F1-57761F4009B1}.Release|Any CPU.ActiveCfg = Release|Any CPU
		{60AFB8B4-7547-40DE-A2F1-57761F4009B1}.Release|Any CPU.Build.0 = Release|Any CPU
	EndGlobalSection
	GlobalSection(SolutionProperties) = preSolution
		HideSolutionNode = FALSE
	EndGlobalSection
	GlobalSection(ExtensibilityGlobals) = postSolution
		SolutionGuid = {AEF42003-56CF-4648-8B5C-319DA3D1964A}
	EndGlobalSection
EndGlobal
